
Microsoft Visual Studio Solution File, Format Version 12.00
# Visual Studio Version 17
VisualStudioVersion = 17.4.33213.308
MinimumVisualStudioVersion = 10.0.40219.1
Project("{FAE04EC0-301F-11D3-BF4B-00C04F79EFBC}") = "LINQLab2023", "LINQLab2023.csproj", "{FD63B3AF-A795-44DB-9C9B-C029FBB9EEE4}"
EndProject
Global
	GlobalSection(SolutionConfigurationPlatforms) = preSolution
		Debug|Any CPU = Debug|Any CPU
		Release|Any CPU = Release|Any CPU
	EndGlobalSection
	GlobalSection(ProjectConfigurationPlatforms) = postSolution
		{FD63B3AF-A795-44DB-9C9B-C029FBB9EEE4}.Debug|Any CPU.ActiveCfg = Debug|Any CPU
		{FD63B3AF-A795-44DB-9C9B-C029FBB9EEE4}.Debug|Any CPU.Build.0 = Debug|Any CPU
		{FD63B3AF-A795-44DB-9C9B-C029FBB9EEE4}.Release|Any CPU.ActiveCfg = Release|Any CPU
		{FD63B3AF-A795-44DB-9C9B-C029FBB9EEE4}.Release|Any CPU.Build.0 = Release|Any CPU
	EndGlobalSection
	GlobalSection(SolutionProperties) = preSolution
		HideSolutionNode = FALSE
	EndGlobalSection
	GlobalSection(ExtensibilityGlobals) = postSolution
		SolutionGuid = {FB74544B-8369-4E81-BBB2-FD31504BB2B4}
	EndGlobalSection
EndGlobal
